
Microsoft Visual Studio Solution File, Format Version 12.00
# Visual Studio 15
VisualStudioVersion = 15.0.28307.572
MinimumVisualStudioVersion = 10.0.40219.1
Project("{FAE04EC0-301F-11D3-BF4B-00C04F79EFBC}") = "FirebaseCloudMessaging", "FirebaseCloudMessaging\FirebaseCloudMessaging.csproj", "{FFF68D77-9CC6-4F42-A22B-F8C2E9E5F6B7}"
EndProject
Global
	GlobalSection(SolutionConfigurationPlatforms) = preSolution
		Debug|Any CPU = Debug|Any CPU
		Release|Any CPU = Release|Any CPU
	EndGlobalSection
	GlobalSection(ProjectConfigurationPlatforms) = postSolution
		{FFF68D77-9CC6-4F42-A22B-F8C2E9E5F6B7}.Debug|Any CPU.ActiveCfg = Debug|Any CPU
		{FFF68D77-9CC6-4F42-A22B-F8C2E9E5F6B7}.Debug|Any CPU.Build.0 = Debug|Any CPU
		{FFF68D77-9CC6-4F42-A22B-F8C2E9E5F6B7}.Release|Any CPU.ActiveCfg = Release|Any CPU
		{FFF68D77-9CC6-4F42-A22B-F8C2E9E5F6B7}.Release|Any CPU.Build.0 = Release|Any CPU
	EndGlobalSection
	GlobalSection(SolutionProperties) = preSolution
		HideSolutionNode = FALSE
	EndGlobalSection
	GlobalSection(ExtensibilityGlobals) = postSolution
		SolutionGuid = {4F698E67-2CAA-4EBC-8596-3E230D2557BE}
	EndGlobalSection
EndGlobal
